{
  "name": "tests",
  "version": "1.0.0",
  "lockfileVersion": 1,
  "requires": true,
  "dependencies": {
    "iotjs-express": {
      "version": "0.0.22",
      "resolved": "https://registry.npmjs.org/iotjs-express/-/iotjs-express-0.0.22.tgz",
      "integrity": "sha512-nvm1lWr2TduE9XuYASuV7KWHT4duX0aukClHwgcrw3b0OjTUnaTgzzfSl2MMR6VwGNesEC7umZvONeHELIj7Mg=="
    }
  }
}
